
Microsoft Visual Studio Solution File, Format Version 12.00
# Visual Studio Version 17
VisualStudioVersion = 17.10.35027.167
MinimumVisualStudioVersion = 10.0.40219.1
Project("{9A19103F-16F7-4668-BE54-9A1E7A4F7556}") = "TestApiPitchOrder", "TestApiPitchOrder.csproj", "{CF5684C5-AE91-4343-AED4-4F2631A8F463}"
EndProject
Project("{FAE04EC0-301F-11D3-BF4B-00C04F79EFBC}") = "PitchOrderMVC", "..\PitchOrderMVC\PitchOrderMVC.csproj", "{32120416-75BD-4CFE-9C2E-8DA0BF494340}"
EndProject
Global
	GlobalSection(SolutionConfigurationPlatforms) = preSolution
		Debug|Any CPU = Debug|Any CPU
		Release|Any CPU = Release|Any CPU
	EndGlobalSection
	GlobalSection(ProjectConfigurationPlatforms) = postSolution
		{CF5684C5-AE91-4343-AED4-4F2631A8F463}.Debug|Any CPU.ActiveCfg = Debug|Any CPU
		{CF5684C5-AE91-4343-AED4-4F2631A8F463}.Debug|Any CPU.Build.0 = Debug|Any CPU
		{CF5684C5-AE91-4343-AED4-4F2631A8F463}.Release|Any CPU.ActiveCfg = Release|Any CPU
		{CF5684C5-AE91-4343-AED4-4F2631A8F463}.Release|Any CPU.Build.0 = Release|Any CPU
		{32120416-75BD-4CFE-9C2E-8DA0BF494340}.Debug|Any CPU.ActiveCfg = Debug|Any CPU
		{32120416-75BD-4CFE-9C2E-8DA0BF494340}.Debug|Any CPU.Build.0 = Debug|Any CPU
		{32120416-75BD-4CFE-9C2E-8DA0BF494340}.Release|Any CPU.ActiveCfg = Release|Any CPU
		{32120416-75BD-4CFE-9C2E-8DA0BF494340}.Release|Any CPU.Build.0 = Release|Any CPU
	EndGlobalSection
	GlobalSection(SolutionProperties) = preSolution
		HideSolutionNode = FALSE
	EndGlobalSection
	GlobalSection(ExtensibilityGlobals) = postSolution
		SolutionGuid = {0D537972-C0C3-4E73-9A86-1C4E0D6AB514}
	EndGlobalSection
EndGlobal
